
Microsoft Visual Studio Solution File, Format Version 12.00
# Visual Studio Version 16
VisualStudioVersion = 16.0.30523.141
MinimumVisualStudioVersion = 10.0.40219.1
Project("{FAE04EC0-301F-11D3-BF4B-00C04F79EFBC}") = "fifo-session-queue.producer", "fifo-session-queue.producer\fifo-session-queue.producer.csproj", "{7AA7C6FE-4A1B-46B5-A8A7-59E00B00C731}"
EndProject
Project("{FAE04EC0-301F-11D3-BF4B-00C04F79EFBC}") = "fifo-session-queue.consumer", "fifo-session-queue.consumer\fifo-session-queue.consumer.csproj", "{B58D3301-F301-4E1D-BF33-01F8C87FA095}"
EndProject
Project("{E53339B2-1760-4266-BCC7-CA923CBCF16C}") = "docker-compose", "docker-compose.dcproj", "{4A966680-FAD5-4378-8A28-78C0CE123444}"
EndProject
Global
	GlobalSection(SolutionConfigurationPlatforms) = preSolution
		Debug|Any CPU = Debug|Any CPU
		Release|Any CPU = Release|Any CPU
	EndGlobalSection
	GlobalSection(ProjectConfigurationPlatforms) = postSolution
		{7AA7C6FE-4A1B-46B5-A8A7-59E00B00C731}.Debug|Any CPU.ActiveCfg = Debug|Any CPU
		{7AA7C6FE-4A1B-46B5-A8A7-59E00B00C731}.Debug|Any CPU.Build.0 = Debug|Any CPU
		{7AA7C6FE-4A1B-46B5-A8A7-59E00B00C731}.Release|Any CPU.ActiveCfg = Release|Any CPU
		{7AA7C6FE-4A1B-46B5-A8A7-59E00B00C731}.Release|Any CPU.Build.0 = Release|Any CPU
		{B58D3301-F301-4E1D-BF33-01F8C87FA095}.Debug|Any CPU.ActiveCfg = Debug|Any CPU
		{B58D3301-F301-4E1D-BF33-01F8C87FA095}.Debug|Any CPU.Build.0 = Debug|Any CPU
		{B58D3301-F301-4E1D-BF33-01F8C87FA095}.Release|Any CPU.ActiveCfg = Release|Any CPU
		{B58D3301-F301-4E1D-BF33-01F8C87FA095}.Release|Any CPU.Build.0 = Release|Any CPU
		{4A966680-FAD5-4378-8A28-78C0CE123444}.Debug|Any CPU.ActiveCfg = Debug|Any CPU
		{4A966680-FAD5-4378-8A28-78C0CE123444}.Debug|Any CPU.Build.0 = Debug|Any CPU
		{4A966680-FAD5-4378-8A28-78C0CE123444}.Release|Any CPU.ActiveCfg = Release|Any CPU
		{4A966680-FAD5-4378-8A28-78C0CE123444}.Release|Any CPU.Build.0 = Release|Any CPU
	EndGlobalSection
	GlobalSection(SolutionProperties) = preSolution
		HideSolutionNode = FALSE
	EndGlobalSection
	GlobalSection(ExtensibilityGlobals) = postSolution
		SolutionGuid = {2A9BE3F2-DA59-473D-88E3-9731F2F549E0}
	EndGlobalSection
EndGlobal
